
Microsoft Visual Studio Solution File, Format Version 12.00
# Visual Studio Version 17
VisualStudioVersion = 17.5.2.0
MinimumVisualStudioVersion = 10.0.40219.1
Project("{FAE04EC0-301F-11D3-BF4B-00C04F79EFBC}") = "002-option-pattern", "002-option-pattern\002-option-pattern.csproj", "{21898C08-2509-8E2D-5E81-CD0FFF07F4B1}"
EndProject
Project("{FAE04EC0-301F-11D3-BF4B-00C04F79EFBC}") = "003-application-configuration", "003-application-configuration\003-application-configuration.csproj", "{47C35DF4-8642-A954-0E16-98C2C380699E}"
EndProject
Project("{FAE04EC0-301F-11D3-BF4B-00C04F79EFBC}") = "004-advanced-linq-operations-exercise", "004-advanced-linq-operations-exercise\004-advanced-linq-operations-exercise.csproj", "{01970277-B801-4698-A61E-5BF31A9F4179}"
EndProject
Global
	GlobalSection(SolutionConfigurationPlatforms) = preSolution
		Debug|Any CPU = Debug|Any CPU
		Debug|x64 = Debug|x64
		Debug|x86 = Debug|x86
		Release|Any CPU = Release|Any CPU
		Release|x64 = Release|x64
		Release|x86 = Release|x86
	EndGlobalSection
	GlobalSection(ProjectConfigurationPlatforms) = postSolution
		{21898C08-2509-8E2D-5E81-CD0FFF07F4B1}.Debug|Any CPU.ActiveCfg = Debug|Any CPU
		{21898C08-2509-8E2D-5E81-CD0FFF07F4B1}.Debug|Any CPU.Build.0 = Debug|Any CPU
		{21898C08-2509-8E2D-5E81-CD0FFF07F4B1}.Debug|x64.ActiveCfg = Debug|Any CPU
		{21898C08-2509-8E2D-5E81-CD0FFF07F4B1}.Debug|x64.Build.0 = Debug|Any CPU
		{21898C08-2509-8E2D-5E81-CD0FFF07F4B1}.Debug|x86.ActiveCfg = Debug|Any CPU
		{21898C08-2509-8E2D-5E81-CD0FFF07F4B1}.Debug|x86.Build.0 = Debug|Any CPU
		{21898C08-2509-8E2D-5E81-CD0FFF07F4B1}.Release|Any CPU.ActiveCfg = Release|Any CPU
		{21898C08-2509-8E2D-5E81-CD0FFF07F4B1}.Release|Any CPU.Build.0 = Release|Any CPU
		{21898C08-2509-8E2D-5E81-CD0FFF07F4B1}.Release|x64.ActiveCfg = Release|Any CPU
		{21898C08-2509-8E2D-5E81-CD0FFF07F4B1}.Release|x64.Build.0 = Release|Any CPU
		{21898C08-2509-8E2D-5E81-CD0FFF07F4B1}.Release|x86.ActiveCfg = Release|Any CPU
		{21898C08-2509-8E2D-5E81-CD0FFF07F4B1}.Release|x86.Build.0 = Release|Any CPU
		{47C35DF4-8642-A954-0E16-98C2C380699E}.Debug|Any CPU.ActiveCfg = Debug|Any CPU
		{47C35DF4-8642-A954-0E16-98C2C380699E}.Debug|Any CPU.Build.0 = Debug|Any CPU
		{47C35DF4-8642-A954-0E16-98C2C380699E}.Debug|x64.ActiveCfg = Debug|Any CPU
		{47C35DF4-8642-A954-0E16-98C2C380699E}.Debug|x64.Build.0 = Debug|Any CPU
		{47C35DF4-8642-A954-0E16-98C2C380699E}.Debug|x86.ActiveCfg = Debug|Any CPU
		{47C35DF4-8642-A954-0E16-98C2C380699E}.Debug|x86.Build.0 = Debug|Any CPU
		{47C35DF4-8642-A954-0E16-98C2C380699E}.Release|Any CPU.ActiveCfg = Release|Any CPU
		{47C35DF4-8642-A954-0E16-98C2C380699E}.Release|Any CPU.Build.0 = Release|Any CPU
		{47C35DF4-8642-A954-0E16-98C2C380699E}.Release|x64.ActiveCfg = Release|Any CPU
		{47C35DF4-8642-A954-0E16-98C2C380699E}.Release|x64.Build.0 = Release|Any CPU
		{47C35DF4-8642-A954-0E16-98C2C380699E}.Release|x86.ActiveCfg = Release|Any CPU
		{47C35DF4-8642-A954-0E16-98C2C380699E}.Release|x86.Build.0 = Release|Any CPU
		{D16DF06A-AF4E-4117-8D53-0C512BA02A31}.Debug|Any CPU.ActiveCfg = Debug|Any CPU
		{D16DF06A-AF4E-4117-8D53-0C512BA02A31}.Debug|Any CPU.Build.0 = Debug|Any CPU
		{D16DF06A-AF4E-4117-8D53-0C512BA02A31}.Debug|x64.ActiveCfg = Debug|Any CPU
		{D16DF06A-AF4E-4117-8D53-0C512BA02A31}.Debug|x64.Build.0 = Debug|Any CPU
		{D16DF06A-AF4E-4117-8D53-0C512BA02A31}.Debug|x86.ActiveCfg = Debug|Any CPU
		{D16DF06A-AF4E-4117-8D53-0C512BA02A31}.Debug|x86.Build.0 = Debug|Any CPU
		{D16DF06A-AF4E-4117-8D53-0C512BA02A31}.Release|Any CPU.ActiveCfg = Release|Any CPU
		{D16DF06A-AF4E-4117-8D53-0C512BA02A31}.Release|Any CPU.Build.0 = Release|Any CPU
		{D16DF06A-AF4E-4117-8D53-0C512BA02A31}.Release|x64.ActiveCfg = Release|Any CPU
		{D16DF06A-AF4E-4117-8D53-0C512BA02A31}.Release|x64.Build.0 = Release|Any CPU
		{D16DF06A-AF4E-4117-8D53-0C512BA02A31}.Release|x86.ActiveCfg = Release|Any CPU
		{D16DF06A-AF4E-4117-8D53-0C512BA02A31}.Release|x86.Build.0 = Release|Any CPU
		{01970277-B801-4698-A61E-5BF31A9F4179}.Debug|Any CPU.ActiveCfg = Debug|Any CPU
		{01970277-B801-4698-A61E-5BF31A9F4179}.Debug|Any CPU.Build.0 = Debug|Any CPU
		{01970277-B801-4698-A61E-5BF31A9F4179}.Debug|x64.ActiveCfg = Debug|Any CPU
		{01970277-B801-4698-A61E-5BF31A9F4179}.Debug|x64.Build.0 = Debug|Any CPU
		{01970277-B801-4698-A61E-5BF31A9F4179}.Debug|x86.ActiveCfg = Debug|Any CPU
		{01970277-B801-4698-A61E-5BF31A9F4179}.Debug|x86.Build.0 = Debug|Any CPU
		{01970277-B801-4698-A61E-5BF31A9F4179}.Release|Any CPU.ActiveCfg = Release|Any CPU
		{01970277-B801-4698-A61E-5BF31A9F4179}.Release|Any CPU.Build.0 = Release|Any CPU
		{01970277-B801-4698-A61E-5BF31A9F4179}.Release|x64.ActiveCfg = Release|Any CPU
		{01970277-B801-4698-A61E-5BF31A9F4179}.Release|x64.Build.0 = Release|Any CPU
		{01970277-B801-4698-A61E-5BF31A9F4179}.Release|x86.ActiveCfg = Release|Any CPU
		{01970277-B801-4698-A61E-5BF31A9F4179}.Release|x86.Build.0 = Release|Any CPU
	EndGlobalSection
	GlobalSection(SolutionProperties) = preSolution
		HideSolutionNode = FALSE
	EndGlobalSection
	GlobalSection(ExtensibilityGlobals) = postSolution
		SolutionGuid = {EFAF9FCF-E266-48A1-B6BE-D0CBABE204E3}
	EndGlobalSection
EndGlobal
